
Microsoft Visual Studio Solution File, Format Version 12.00
# Visual Studio Version 17
VisualStudioVersion = 17.0.31903.59
MinimumVisualStudioVersion = 10.0.40219.1
Project("{FAE04EC0-301F-11D3-BF4B-00C04F79EFBC}") = "ModuleHeritageHub.API", "ModuleHeritageHub.API\ModuleHeritageHub.API.csproj", "{7DB27F96-D561-4030-A52E-9924BF4D0C14}"
EndProject
Project("{FAE04EC0-301F-11D3-BF4B-00C04F79EFBC}") = "ModuleHeritageHub.Domain", "ModuleHeritageHub.Domain\ModuleHeritageHub.Domain.csproj", "{F508F84C-53B8-4BAD-B29D-4B106CE962C3}"
EndProject
Project("{FAE04EC0-301F-11D3-BF4B-00C04F79EFBC}") = "ModuleHeritageHub.Infrastructure", "ModuleHeritageHub.Infrastructure\ModuleHeritageHub.Infrastructure.csproj", "{6F3D9D04-9AFC-495F-AF84-D0967FCF91DA}"
EndProject
Project("{FAE04EC0-301F-11D3-BF4B-00C04F79EFBC}") = "ModuleHeritageHub.Client", "ModuleHeritageHub.Client\ModuleHeritageHub.Client.csproj", "{4BB738F8-C2CF-42A7-8980-8FB3FF3EB0C8}"
EndProject
Global
	GlobalSection(SolutionConfigurationPlatforms) = preSolution
		Debug|Any CPU = Debug|Any CPU
		Release|Any CPU = Release|Any CPU
	EndGlobalSection
	GlobalSection(SolutionProperties) = preSolution
		HideSolutionNode = FALSE
	EndGlobalSection
	GlobalSection(ProjectConfigurationPlatforms) = postSolution
		{7DB27F96-D561-4030-A52E-9924BF4D0C14}.Debug|Any CPU.ActiveCfg = Debug|Any CPU
		{7DB27F96-D561-4030-A52E-9924BF4D0C14}.Debug|Any CPU.Build.0 = Debug|Any CPU
		{7DB27F96-D561-4030-A52E-9924BF4D0C14}.Release|Any CPU.ActiveCfg = Release|Any CPU
		{7DB27F96-D561-4030-A52E-9924BF4D0C14}.Release|Any CPU.Build.0 = Release|Any CPU
		{F508F84C-53B8-4BAD-B29D-4B106CE962C3}.Debug|Any CPU.ActiveCfg = Debug|Any CPU
		{F508F84C-53B8-4BAD-B29D-4B106CE962C3}.Debug|Any CPU.Build.0 = Debug|Any CPU
		{F508F84C-53B8-4BAD-B29D-4B106CE962C3}.Release|Any CPU.ActiveCfg = Release|Any CPU
		{F508F84C-53B8-4BAD-B29D-4B106CE962C3}.Release|Any CPU.Build.0 = Release|Any CPU
		{6F3D9D04-9AFC-495F-AF84-D0967FCF91DA}.Debug|Any CPU.ActiveCfg = Debug|Any CPU
		{6F3D9D04-9AFC-495F-AF84-D0967FCF91DA}.Debug|Any CPU.Build.0 = Debug|Any CPU
		{6F3D9D04-9AFC-495F-AF84-D0967FCF91DA}.Release|Any CPU.ActiveCfg = Release|Any CPU
		{6F3D9D04-9AFC-495F-AF84-D0967FCF91DA}.Release|Any CPU.Build.0 = Release|Any CPU
		{4BB738F8-C2CF-42A7-8980-8FB3FF3EB0C8}.Debug|Any CPU.ActiveCfg = Debug|Any CPU
		{4BB738F8-C2CF-42A7-8980-8FB3FF3EB0C8}.Debug|Any CPU.Build.0 = Debug|Any CPU
		{4BB738F8-C2CF-42A7-8980-8FB3FF3EB0C8}.Release|Any CPU.ActiveCfg = Release|Any CPU
		{4BB738F8-C2CF-42A7-8980-8FB3FF3EB0C8}.Release|Any CPU.Build.0 = Release|Any CPU
	EndGlobalSection
EndGlobal
